
Microsoft Visual Studio Solution File, Format Version 12.00
# Visual Studio 14
VisualStudioVersion = 14.0.25123.0
MinimumVisualStudioVersion = 10.0.40219.1
Project("{FAE04EC0-301F-11D3-BF4B-00C04F79EFBC}") = "TMonitor", "TMonitor\TMonitor.csproj", "{D4CF42B1-38C9-41C8-9BF4-D94E6D72E4C2}"
EndProject
Project("{FAE04EC0-301F-11D3-BF4B-00C04F79EFBC}") = "TestingProject", "TestingProject\TestingProject.csproj", "{125BBB34-E1ED-4AC6-B727-7117CB3A3E97}"
EndProject
Global
	GlobalSection(SolutionConfigurationPlatforms) = preSolution
		Debug|Any CPU = Debug|Any CPU
		Release|Any CPU = Release|Any CPU
	EndGlobalSection
	GlobalSection(ProjectConfigurationPlatforms) = postSolution
		{D4CF42B1-38C9-41C8-9BF4-D94E6D72E4C2}.Debug|Any CPU.ActiveCfg = Debug|Any CPU
		{D4CF42B1-38C9-41C8-9BF4-D94E6D72E4C2}.Debug|Any CPU.Build.0 = Debug|Any CPU
		{D4CF42B1-38C9-41C8-9BF4-D94E6D72E4C2}.Release|Any CPU.ActiveCfg = Release|Any CPU
		{D4CF42B1-38C9-41C8-9BF4-D94E6D72E4C2}.Release|Any CPU.Build.0 = Release|Any CPU
		{125BBB34-E1ED-4AC6-B727-7117CB3A3E97}.Debug|Any CPU.ActiveCfg = Debug|Any CPU
		{125BBB34-E1ED-4AC6-B727-7117CB3A3E97}.Debug|Any CPU.Build.0 = Debug|Any CPU
		{125BBB34-E1ED-4AC6-B727-7117CB3A3E97}.Release|Any CPU.ActiveCfg = Release|Any CPU
		{125BBB34-E1ED-4AC6-B727-7117CB3A3E97}.Release|Any CPU.Build.0 = Release|Any CPU
	EndGlobalSection
	GlobalSection(SolutionProperties) = preSolution
		HideSolutionNode = FALSE
	EndGlobalSection
EndGlobal
